
Microsoft Visual Studio Solution File, Format Version 12.00
# Visual Studio Version 16
VisualStudioVersion = 16.0.30104.148
MinimumVisualStudioVersion = 10.0.40219.1
Project("{9A19103F-16F7-4668-BE54-9A1E7A4F7556}") = "CentreAppBlazor.Server", "CentreAppBlazor\Server\CentreAppBlazor.Server.csproj", "{847984B3-E56E-4986-8CAB-3DDBE378A930}"
EndProject
Project("{9A19103F-16F7-4668-BE54-9A1E7A4F7556}") = "CentreAppBlazor.Client", "CentreAppBlazor\Client\CentreAppBlazor.Client.csproj", "{0FFD2834-ADC0-40C0-9F6C-C4C7DC8DFBD7}"
EndProject
Project("{9A19103F-16F7-4668-BE54-9A1E7A4F7556}") = "CentreAppBlazor.Shared", "CentreAppBlazor\Shared\CentreAppBlazor.Shared.csproj", "{2BB10E63-38DB-4AA7-8369-159E3834C5F8}"
EndProject
Project("{FAE04EC0-301F-11D3-BF4B-00C04F79EFBC}") = "ConsoleApp1", "ConsoleApp1\ConsoleApp1.csproj", "{D7A70FB5-1017-41F5-B983-EB0F5F555B8D}"
EndProject
Global
	GlobalSection(SolutionConfigurationPlatforms) = preSolution
		Debug|Any CPU = Debug|Any CPU
		Release|Any CPU = Release|Any CPU
	EndGlobalSection
	GlobalSection(ProjectConfigurationPlatforms) = postSolution
		{847984B3-E56E-4986-8CAB-3DDBE378A930}.Debug|Any CPU.ActiveCfg = Debug|Any CPU
		{847984B3-E56E-4986-8CAB-3DDBE378A930}.Debug|Any CPU.Build.0 = Debug|Any CPU
		{847984B3-E56E-4986-8CAB-3DDBE378A930}.Release|Any CPU.ActiveCfg = Release|Any CPU
		{847984B3-E56E-4986-8CAB-3DDBE378A930}.Release|Any CPU.Build.0 = Release|Any CPU
		{0FFD2834-ADC0-40C0-9F6C-C4C7DC8DFBD7}.Debug|Any CPU.ActiveCfg = Debug|Any CPU
		{0FFD2834-ADC0-40C0-9F6C-C4C7DC8DFBD7}.Debug|Any CPU.Build.0 = Debug|Any CPU
		{0FFD2834-ADC0-40C0-9F6C-C4C7DC8DFBD7}.Release|Any CPU.ActiveCfg = Release|Any CPU
		{0FFD2834-ADC0-40C0-9F6C-C4C7DC8DFBD7}.Release|Any CPU.Build.0 = Release|Any CPU
		{2BB10E63-38DB-4AA7-8369-159E3834C5F8}.Debug|Any CPU.ActiveCfg = Debug|Any CPU
		{2BB10E63-38DB-4AA7-8369-159E3834C5F8}.Debug|Any CPU.Build.0 = Debug|Any CPU
		{2BB10E63-38DB-4AA7-8369-159E3834C5F8}.Release|Any CPU.ActiveCfg = Release|Any CPU
		{2BB10E63-38DB-4AA7-8369-159E3834C5F8}.Release|Any CPU.Build.0 = Release|Any CPU
		{D7A70FB5-1017-41F5-B983-EB0F5F555B8D}.Debug|Any CPU.ActiveCfg = Debug|Any CPU
		{D7A70FB5-1017-41F5-B983-EB0F5F555B8D}.Debug|Any CPU.Build.0 = Debug|Any CPU
		{D7A70FB5-1017-41F5-B983-EB0F5F555B8D}.Release|Any CPU.ActiveCfg = Release|Any CPU
		{D7A70FB5-1017-41F5-B983-EB0F5F555B8D}.Release|Any CPU.Build.0 = Release|Any CPU
	EndGlobalSection
	GlobalSection(SolutionProperties) = preSolution
		HideSolutionNode = FALSE
	EndGlobalSection
	GlobalSection(ExtensibilityGlobals) = postSolution
		SolutionGuid = {9584B076-2F08-4AF7-852E-36DF6EE203F8}
	EndGlobalSection
EndGlobal
